{
  "images": [
    {
      "deleted_files": 7,
      "expected": "corpus/expected/linux-exfat-baseline.json",
      "file": "linux-exfat-baseline.img",
      "filesystem": "exfat",
      "name": "linux-exfat-baseline",
      "platform": "linux",
      "scenario": "baseline",
      "sha256": "af6a9549ad04945d7122de5768046f9a24b5dc1b46e269e2ef085b9550804f7a",
      "size": 67108864,
      "source": "Linux 7.0.12-linuxkit exfatprogs version : 1.2.0"
    },
    {
      "deleted_files": 5,
      "expected": "corpus/expected/linux-exfat-deeptree.json",
      "file": "linux-exfat-deeptree.img",
      "filesystem": "exfat",
      "name": "linux-exfat-deeptree",
      "platform": "linux",
      "scenario": "deeptree",
      "sha256": "d7dd455720934115c38299513bf7b6d2df033aa11fccb68ce49020d1d457ed3d",
      "size": 67108864,
      "source": "Linux 7.0.12-linuxkit exfatprogs version : 1.2.0"
    },
    {
      "deleted_files": 35,
      "expected": "corpus/expected/linux-exfat-fragmented.json",
      "file": "linux-exfat-fragmented.img",
      "filesystem": "exfat",
      "name": "linux-exfat-fragmented",
      "platform": "linux",
      "scenario": "fragmented",
      "sha256": "33d7c76e707f05cd04fb97f63a3cf60517519a9a50c790d58f41e0982898a78c",
      "size": 67108864,
      "source": "Linux 7.0.12-linuxkit exfatprogs version : 1.2.0"
    },
    {
      "deleted_files": 5,
      "expected": "corpus/expected/linux-exfat-longnames.json",
      "file": "linux-exfat-longnames.img",
      "filesystem": "exfat",
      "name": "linux-exfat-longnames",
      "platform": "linux",
      "scenario": "longnames",
      "sha256": "76edc6a4714bf4a32cfcdbb2f04e4bf16ddff0006f7035e0d1a9d1fc5bb7ed86",
      "size": 67108864,
      "source": "Linux 7.0.12-linuxkit exfatprogs version : 1.2.0"
    },
    {
      "deleted_files": 19,
      "expected": "corpus/expected/linux-exfat-nearlyfull.json",
      "file": "linux-exfat-nearlyfull.img",
      "filesystem": "exfat",
      "name": "linux-exfat-nearlyfull",
      "platform": "linux",
      "scenario": "nearlyfull",
      "sha256": "b348660dd95cfd4d5c1b38be202c729c9a64592c05f32fe921a4b968485cfb48",
      "size": 67108864,
      "source": "Linux 7.0.12-linuxkit exfatprogs version : 1.2.0"
    },
    {
      "deleted_files": 5,
      "expected": "corpus/expected/linux-exfat-nonascii.json",
      "file": "linux-exfat-nonascii.img",
      "filesystem": "exfat",
      "name": "linux-exfat-nonascii",
      "platform": "linux",
      "scenario": "nonascii",
      "sha256": "f981c8fca5aae009c115d853f15948172c47f673013e91d10ca98f394d86f21f",
      "size": 67108864,
      "source": "Linux 7.0.12-linuxkit exfatprogs version : 1.2.0"
    },
    {
      "deleted_files": 3,
      "expected": "corpus/expected/linux-exfat-overwritten.json",
      "file": "linux-exfat-overwritten.img",
      "filesystem": "exfat",
      "name": "linux-exfat-overwritten",
      "platform": "linux",
      "scenario": "overwritten",
      "sha256": "9c9466bbba95e39ff3051baa7bb93bbc4dddbf3ff0ee0947457dc46911771429",
      "size": 67108864,
      "source": "Linux 7.0.12-linuxkit exfatprogs version : 1.2.0"
    },
    {
      "deleted_files": 7,
      "expected": "corpus/expected/linux-ext4-baseline.json",
      "file": "linux-ext4-baseline.img",
      "filesystem": "ext4",
      "name": "linux-ext4-baseline",
      "platform": "linux",
      "scenario": "baseline",
      "sha256": "8d61d0e792db7a714511338abe8e3c8a709c3e3137cfbad965f8a28085a01548",
      "size": 67108864,
      "source": "Linux 7.0.12-linuxkit mke2fs 1.47.0 (5-Feb-2023)"
    },
    {
      "deleted_files": 5,
      "expected": "corpus/expected/linux-ext4-deeptree.json",
      "file": "linux-ext4-deeptree.img",
      "filesystem": "ext4",
      "name": "linux-ext4-deeptree",
      "platform": "linux",
      "scenario": "deeptree",
      "sha256": "e4fe3ffcd00b09cacac4db547d512356bb9c0086a9b9d3809141da986d9ef19e",
      "size": 67108864,
      "source": "Linux 7.0.12-linuxkit mke2fs 1.47.0 (5-Feb-2023)"
    },
    {
      "deleted_files": 35,
      "expected": "corpus/expected/linux-ext4-fragmented.json",
      "file": "linux-ext4-fragmented.img",
      "filesystem": "ext4",
      "name": "linux-ext4-fragmented",
      "platform": "linux",
      "scenario": "fragmented",
      "sha256": "cdb822bd744310080b06c5c4f6c16a3ab98718f1d244022e1ff320c7b846e505",
      "size": 67108864,
      "source": "Linux 7.0.12-linuxkit mke2fs 1.47.0 (5-Feb-2023)"
    },
    {
      "deleted_files": 5,
      "expected": "corpus/expected/linux-ext4-longnames.json",
      "file": "linux-ext4-longnames.img",
      "filesystem": "ext4",
      "name": "linux-ext4-longnames",
      "platform": "linux",
      "scenario": "longnames",
      "sha256": "d1ccfc31f76efd01d4a831fba7fc5679c12541de3bd8d5163c8d3ab460089487",
      "size": 67108864,
      "source": "Linux 7.0.12-linuxkit mke2fs 1.47.0 (5-Feb-2023)"
    },
    {
      "deleted_files": 19,
      "expected": "corpus/expected/linux-ext4-nearlyfull.json",
      "file": "linux-ext4-nearlyfull.img",
      "filesystem": "ext4",
      "name": "linux-ext4-nearlyfull",
      "platform": "linux",
      "scenario": "nearlyfull",
      "sha256": "f7861f200201aa30dd368392de065bce3753a28e5633e46a1352600bf36090ea",
      "size": 67108864,
      "source": "Linux 7.0.12-linuxkit mke2fs 1.47.0 (5-Feb-2023)"
    },
    {
      "deleted_files": 5,
      "expected": "corpus/expected/linux-ext4-nonascii.json",
      "file": "linux-ext4-nonascii.img",
      "filesystem": "ext4",
      "name": "linux-ext4-nonascii",
      "platform": "linux",
      "scenario": "nonascii",
      "sha256": "b0d4b32f3ca72279bc476d2e2b54259c03ed9d0a5ab3c0d78d5f01f1bbe9663f",
      "size": 67108864,
      "source": "Linux 7.0.12-linuxkit mke2fs 1.47.0 (5-Feb-2023)"
    },
    {
      "deleted_files": 3,
      "expected": "corpus/expected/linux-ext4-overwritten.json",
      "file": "linux-ext4-overwritten.img",
      "filesystem": "ext4",
      "name": "linux-ext4-overwritten",
      "platform": "linux",
      "scenario": "overwritten",
      "sha256": "8b71398ceff15399a277193660349be4b8ebef3dab7d6a76518b66f22275ccb3",
      "size": 67108864,
      "source": "Linux 7.0.12-linuxkit mke2fs 1.47.0 (5-Feb-2023)"
    },
    {
      "deleted_files": 7,
      "expected": "corpus/expected/linux-fat32-baseline.json",
      "file": "linux-fat32-baseline.img",
      "filesystem": "fat32",
      "name": "linux-fat32-baseline",
      "platform": "linux",
      "scenario": "baseline",
      "sha256": "7c30185b1fba55c4719b1798a0d5662d1e65259b8c7ec8b688f23c340e120538",
      "size": 67108864,
      "source": "Linux 7.0.12-linuxkit Usage: mkfs.fat [OPTIONS] TARGET [BLOCKS]"
    },
    {
      "deleted_files": 5,
      "expected": "corpus/expected/linux-fat32-deeptree.json",
      "file": "linux-fat32-deeptree.img",
      "filesystem": "fat32",
      "name": "linux-fat32-deeptree",
      "platform": "linux",
      "scenario": "deeptree",
      "sha256": "7b68c6e1e70e4ab2a035e12cc64835056765c97efee156c98b87d36e78385a12",
      "size": 67108864,
      "source": "Linux 7.0.12-linuxkit Usage: mkfs.fat [OPTIONS] TARGET [BLOCKS]"
    },
    {
      "deleted_files": 35,
      "expected": "corpus/expected/linux-fat32-fragmented.json",
      "file": "linux-fat32-fragmented.img",
      "filesystem": "fat32",
      "name": "linux-fat32-fragmented",
      "platform": "linux",
      "scenario": "fragmented",
      "sha256": "e6f915427af3b4d5e0f027094c1a88cb04bfc154d33c68694f65b3567e7716b8",
      "size": 67108864,
      "source": "Linux 7.0.12-linuxkit Usage: mkfs.fat [OPTIONS] TARGET [BLOCKS]"
    },
    {
      "deleted_files": 5,
      "expected": "corpus/expected/linux-fat32-longnames.json",
      "file": "linux-fat32-longnames.img",
      "filesystem": "fat32",
      "name": "linux-fat32-longnames",
      "platform": "linux",
      "scenario": "longnames",
      "sha256": "42eef919d1dff8b9b3732e015a4636ad1fed40abc071a70f939cfd9183142715",
      "size": 67108864,
      "source": "Linux 7.0.12-linuxkit Usage: mkfs.fat [OPTIONS] TARGET [BLOCKS]"
    },
    {
      "deleted_files": 19,
      "expected": "corpus/expected/linux-fat32-nearlyfull.json",
      "file": "linux-fat32-nearlyfull.img",
      "filesystem": "fat32",
      "name": "linux-fat32-nearlyfull",
      "platform": "linux",
      "scenario": "nearlyfull",
      "sha256": "d7e14e76d5db084578dfa07cdbc3fe30d2b7052fe637b87ca40834f0c89438cc",
      "size": 67108864,
      "source": "Linux 7.0.12-linuxkit Usage: mkfs.fat [OPTIONS] TARGET [BLOCKS]"
    },
    {
      "deleted_files": 5,
      "expected": "corpus/expected/linux-fat32-nonascii.json",
      "file": "linux-fat32-nonascii.img",
      "filesystem": "fat32",
      "name": "linux-fat32-nonascii",
      "platform": "linux",
      "scenario": "nonascii",
      "sha256": "15dbca2d7900e48ee06d3a9960acf84cffb61dabddaafac280d78ce2d9cd9ed3",
      "size": 67108864,
      "source": "Linux 7.0.12-linuxkit Usage: mkfs.fat [OPTIONS] TARGET [BLOCKS]"
    },
    {
      "deleted_files": 3,
      "expected": "corpus/expected/linux-fat32-overwritten.json",
      "file": "linux-fat32-overwritten.img",
      "filesystem": "fat32",
      "name": "linux-fat32-overwritten",
      "platform": "linux",
      "scenario": "overwritten",
      "sha256": "875d6682cc99e95528b9a803b73d7b7aaa277ada86f2c2990935dea4fc503964",
      "size": 67108864,
      "source": "Linux 7.0.12-linuxkit Usage: mkfs.fat [OPTIONS] TARGET [BLOCKS]"
    },
    {
      "deleted_files": 7,
      "expected": "corpus/expected/linux-ntfs-baseline.json",
      "file": "linux-ntfs-baseline.img",
      "filesystem": "ntfs",
      "name": "linux-ntfs-baseline",
      "platform": "linux",
      "scenario": "baseline",
      "sha256": "bd8c1db67c94e1152b38f5418ce99b55258192f09f408c5c9ef6d0f59ab64031",
      "size": 67108864,
      "source": "Linux 7.0.12-linuxkit mkfs.ntfs (ntfs-3g; stopgap for Windows format)"
    },
    {
      "deleted_files": 5,
      "expected": "corpus/expected/linux-ntfs-deeptree.json",
      "file": "linux-ntfs-deeptree.img",
      "filesystem": "ntfs",
      "name": "linux-ntfs-deeptree",
      "platform": "linux",
      "scenario": "deeptree",
      "sha256": "18849d1c3366ed11bcc775fc4bae605e64989bd48912dad727e424276f9face5",
      "size": 67108864,
      "source": "Linux 7.0.12-linuxkit mkfs.ntfs (ntfs-3g; stopgap for Windows format)"
    },
    {
      "deleted_files": 35,
      "expected": "corpus/expected/linux-ntfs-fragmented.json",
      "file": "linux-ntfs-fragmented.img",
      "filesystem": "ntfs",
      "name": "linux-ntfs-fragmented",
      "platform": "linux",
      "scenario": "fragmented",
      "sha256": "81cb1644112e8ef9edc86e6cd5ee2d441ff23895b6d8c14b95a785f10ae44a09",
      "size": 67108864,
      "source": "Linux 7.0.12-linuxkit mkfs.ntfs (ntfs-3g; stopgap for Windows format)"
    },
    {
      "deleted_files": 5,
      "expected": "corpus/expected/linux-ntfs-longnames.json",
      "file": "linux-ntfs-longnames.img",
      "filesystem": "ntfs",
      "name": "linux-ntfs-longnames",
      "platform": "linux",
      "scenario": "longnames",
      "sha256": "e3c14c569f0d3e1a4d0612a881aadca2992ec1e1a25a93972c751d9275ebbfaa",
      "size": 67108864,
      "source": "Linux 7.0.12-linuxkit mkfs.ntfs (ntfs-3g; stopgap for Windows format)"
    },
    {
      "deleted_files": 19,
      "expected": "corpus/expected/linux-ntfs-nearlyfull.json",
      "file": "linux-ntfs-nearlyfull.img",
      "filesystem": "ntfs",
      "name": "linux-ntfs-nearlyfull",
      "platform": "linux",
      "scenario": "nearlyfull",
      "sha256": "7dc007c97fbd68ed1e53d9778be8a1c16e19ce2280070004c2b61872c2f77f73",
      "size": 67108864,
      "source": "Linux 7.0.12-linuxkit mkfs.ntfs (ntfs-3g; stopgap for Windows format)"
    },
    {
      "deleted_files": 5,
      "expected": "corpus/expected/linux-ntfs-nonascii.json",
      "file": "linux-ntfs-nonascii.img",
      "filesystem": "ntfs",
      "name": "linux-ntfs-nonascii",
      "platform": "linux",
      "scenario": "nonascii",
      "sha256": "3a6a4a93a4c931ec3baea38d888a4c84ceb0d97e6e6020d034ebb22f3b6db5f2",
      "size": 67108864,
      "source": "Linux 7.0.12-linuxkit mkfs.ntfs (ntfs-3g; stopgap for Windows format)"
    },
    {
      "deleted_files": 3,
      "expected": "corpus/expected/linux-ntfs-overwritten.json",
      "file": "linux-ntfs-overwritten.img",
      "filesystem": "ntfs",
      "name": "linux-ntfs-overwritten",
      "platform": "linux",
      "scenario": "overwritten",
      "sha256": "ffa0ff4fa3a012823cabbb27ab32d7aba13b8776cd771ebbb6a3520f0019d490",
      "size": 67108864,
      "source": "Linux 7.0.12-linuxkit mkfs.ntfs (ntfs-3g; stopgap for Windows format)"
    },
    {
      "deleted_files": 7,
      "expected": "corpus/expected/macos-exfat-baseline.json",
      "file": "macos-exfat-baseline.img",
      "filesystem": "exfat",
      "name": "macos-exfat-baseline",
      "platform": "macos",
      "scenario": "baseline",
      "sha256": "352b00df73f81334eadb9c830ea4200896f52ec03dab2b668c10d8f75c420efd",
      "size": 67108864,
      "source": "macOS 26.6.2 diskutil eraseVolume (hdiutil-attached raw image)"
    },
    {
      "deleted_files": 5,
      "expected": "corpus/expected/macos-exfat-deeptree.json",
      "file": "macos-exfat-deeptree.img",
      "filesystem": "exfat",
      "name": "macos-exfat-deeptree",
      "platform": "macos",
      "scenario": "deeptree",
      "sha256": "be1aae58020c8275c0701a35aeade9c74c996b5c9cdc34dc8e0fa836f1702969",
      "size": 67108864,
      "source": "macOS 26.6.2 diskutil eraseVolume (hdiutil-attached raw image)"
    },
    {
      "deleted_files": 35,
      "expected": "corpus/expected/macos-exfat-fragmented.json",
      "file": "macos-exfat-fragmented.img",
      "filesystem": "exfat",
      "name": "macos-exfat-fragmented",
      "platform": "macos",
      "scenario": "fragmented",
      "sha256": "7c3c3bf455f865f0d58a0877035733833d588e82ab6771cc905730b873813341",
      "size": 67108864,
      "source": "macOS 26.6.2 diskutil eraseVolume (hdiutil-attached raw image)"
    },
    {
      "deleted_files": 5,
      "expected": "corpus/expected/macos-exfat-longnames.json",
      "file": "macos-exfat-longnames.img",
      "filesystem": "exfat",
      "name": "macos-exfat-longnames",
      "platform": "macos",
      "scenario": "longnames",
      "sha256": "ad1fb284e6dca36016b8a24f4c237c4ae1b0997c74095b77beb4da7ca4643bf9",
      "size": 67108864,
      "source": "macOS 26.6.2 diskutil eraseVolume (hdiutil-attached raw image)"
    },
    {
      "deleted_files": 19,
      "expected": "corpus/expected/macos-exfat-nearlyfull.json",
      "file": "macos-exfat-nearlyfull.img",
      "filesystem": "exfat",
      "name": "macos-exfat-nearlyfull",
      "platform": "macos",
      "scenario": "nearlyfull",
      "sha256": "571ccb02d0924f05919832f7c85614612f080b0ba77edb551222545f7c643c67",
      "size": 67108864,
      "source": "macOS 26.6.2 diskutil eraseVolume (hdiutil-attached raw image)"
    },
    {
      "deleted_files": 5,
      "expected": "corpus/expected/macos-exfat-nonascii.json",
      "file": "macos-exfat-nonascii.img",
      "filesystem": "exfat",
      "name": "macos-exfat-nonascii",
      "platform": "macos",
      "scenario": "nonascii",
      "sha256": "0c419d75ca624cb121c4a0dd5d99dc2e34e39a2668cc9459bf669c7de4658359",
      "size": 67108864,
      "source": "macOS 26.6.2 diskutil eraseVolume (hdiutil-attached raw image)"
    },
    {
      "deleted_files": 3,
      "expected": "corpus/expected/macos-exfat-overwritten.json",
      "file": "macos-exfat-overwritten.img",
      "filesystem": "exfat",
      "name": "macos-exfat-overwritten",
      "platform": "macos",
      "scenario": "overwritten",
      "sha256": "41208dd972b7c790602d6017c1781436a48790bd16458735266327178afe5c88",
      "size": 67108864,
      "source": "macOS 26.6.2 diskutil eraseVolume (hdiutil-attached raw image)"
    },
    {
      "deleted_files": 7,
      "expected": "corpus/expected/macos-fat32-baseline.json",
      "file": "macos-fat32-baseline.img",
      "filesystem": "fat32",
      "name": "macos-fat32-baseline",
      "platform": "macos",
      "scenario": "baseline",
      "sha256": "133c18556369030bf5e46003beb92291ff82b7cd916313e8a705f8340de3d085",
      "size": 67108864,
      "source": "macOS 26.6.2 diskutil eraseVolume (hdiutil-attached raw image)"
    },
    {
      "deleted_files": 5,
      "expected": "corpus/expected/macos-fat32-deeptree.json",
      "file": "macos-fat32-deeptree.img",
      "filesystem": "fat32",
      "name": "macos-fat32-deeptree",
      "platform": "macos",
      "scenario": "deeptree",
      "sha256": "e2d1021b80f604bb81a77d35d55f642c641f8cfeb0f96dd427d433335650292e",
      "size": 67108864,
      "source": "macOS 26.6.2 diskutil eraseVolume (hdiutil-attached raw image)"
    },
    {
      "deleted_files": 35,
      "expected": "corpus/expected/macos-fat32-fragmented.json",
      "file": "macos-fat32-fragmented.img",
      "filesystem": "fat32",
      "name": "macos-fat32-fragmented",
      "platform": "macos",
      "scenario": "fragmented",
      "sha256": "de30b25da4eff2b79ea4bdbf9ff225209eb7a8c08b798e0041eb88409f878d5b",
      "size": 67108864,
      "source": "macOS 26.6.2 diskutil eraseVolume (hdiutil-attached raw image)"
    },
    {
      "deleted_files": 5,
      "expected": "corpus/expected/macos-fat32-longnames.json",
      "file": "macos-fat32-longnames.img",
      "filesystem": "fat32",
      "name": "macos-fat32-longnames",
      "platform": "macos",
      "scenario": "longnames",
      "sha256": "76ff960cc70309e97d2993060f1db7180edb3a2081659809119230c7996c9767",
      "size": 67108864,
      "source": "macOS 26.6.2 diskutil eraseVolume (hdiutil-attached raw image)"
    },
    {
      "deleted_files": 19,
      "expected": "corpus/expected/macos-fat32-nearlyfull.json",
      "file": "macos-fat32-nearlyfull.img",
      "filesystem": "fat32",
      "name": "macos-fat32-nearlyfull",
      "platform": "macos",
      "scenario": "nearlyfull",
      "sha256": "8efc6340fa8c51f54f4ab099beca1a91240125a9311f725ccc4f12efb12374b0",
      "size": 67108864,
      "source": "macOS 26.6.2 diskutil eraseVolume (hdiutil-attached raw image)"
    },
    {
      "deleted_files": 5,
      "expected": "corpus/expected/macos-fat32-nonascii.json",
      "file": "macos-fat32-nonascii.img",
      "filesystem": "fat32",
      "name": "macos-fat32-nonascii",
      "platform": "macos",
      "scenario": "nonascii",
      "sha256": "c02c71e247bab4b685c6992649e8a83741c4ca5c14bbb18d030599a10586e773",
      "size": 67108864,
      "source": "macOS 26.6.2 diskutil eraseVolume (hdiutil-attached raw image)"
    },
    {
      "deleted_files": 3,
      "expected": "corpus/expected/macos-fat32-overwritten.json",
      "file": "macos-fat32-overwritten.img",
      "filesystem": "fat32",
      "name": "macos-fat32-overwritten",
      "platform": "macos",
      "scenario": "overwritten",
      "sha256": "a8d5deadb211bca8d4bd7f1f345766515a2c91d0ed6be13aaabc81a0b28e3f29",
      "size": 67108864,
      "source": "macOS 26.6.2 diskutil eraseVolume (hdiutil-attached raw image)"
    },
    {
      "deleted_files": 7,
      "expected": "corpus/expected/macos-hfsplus-baseline.json",
      "file": "macos-hfsplus-baseline.img",
      "filesystem": "hfsplus",
      "name": "macos-hfsplus-baseline",
      "platform": "macos",
      "scenario": "baseline",
      "sha256": "0458e528c899bef584ad54d9f35e82ab3a43df024f10ddc5ef9d50e19fb4cdf0",
      "size": 67108864,
      "source": "macOS 26.6.2 diskutil eraseVolume (hdiutil-attached raw image)"
    },
    {
      "deleted_files": 5,
      "expected": "corpus/expected/macos-hfsplus-deeptree.json",
      "file": "macos-hfsplus-deeptree.img",
      "filesystem": "hfsplus",
      "name": "macos-hfsplus-deeptree",
      "platform": "macos",
      "scenario": "deeptree",
      "sha256": "b825756e890296cbc5ee391bba5f140ae6614111bb3e3c540bf72f849237ce10",
      "size": 67108864,
      "source": "macOS 26.6.2 diskutil eraseVolume (hdiutil-attached raw image)"
    },
    {
      "deleted_files": 35,
      "expected": "corpus/expected/macos-hfsplus-fragmented.json",
      "file": "macos-hfsplus-fragmented.img",
      "filesystem": "hfsplus",
      "name": "macos-hfsplus-fragmented",
      "platform": "macos",
      "scenario": "fragmented",
      "sha256": "cc6b73b06beb5d261e86ab8da526e8c9c5da89d9ff9158ac36100807f9bb0d8b",
      "size": 67108864,
      "source": "macOS 26.6.2 diskutil eraseVolume (hdiutil-attached raw image)"
    },
    {
      "deleted_files": 5,
      "expected": "corpus/expected/macos-hfsplus-longnames.json",
      "file": "macos-hfsplus-longnames.img",
      "filesystem": "hfsplus",
      "name": "macos-hfsplus-longnames",
      "platform": "macos",
      "scenario": "longnames",
      "sha256": "51fa9da0dc494d6cdd300530599faf7eb219086cbd0c744d000319de263e1c57",
      "size": 67108864,
      "source": "macOS 26.6.2 diskutil eraseVolume (hdiutil-attached raw image)"
    },
    {
      "deleted_files": 19,
      "expected": "corpus/expected/macos-hfsplus-nearlyfull.json",
      "file": "macos-hfsplus-nearlyfull.img",
      "filesystem": "hfsplus",
      "name": "macos-hfsplus-nearlyfull",
      "platform": "macos",
      "scenario": "nearlyfull",
      "sha256": "4f320c2105baaa95615db19548689a92e57bd4677fa13f5620874ec04294a358",
      "size": 67108864,
      "source": "macOS 26.6.2 diskutil eraseVolume (hdiutil-attached raw image)"
    },
    {
      "deleted_files": 5,
      "expected": "corpus/expected/macos-hfsplus-nonascii.json",
      "file": "macos-hfsplus-nonascii.img",
      "filesystem": "hfsplus",
      "name": "macos-hfsplus-nonascii",
      "platform": "macos",
      "scenario": "nonascii",
      "sha256": "1e9d422694c33994d72c7ad51ef567e7ff17d268119af2babcee4953f43ea607",
      "size": 67108864,
      "source": "macOS 26.6.2 diskutil eraseVolume (hdiutil-attached raw image)"
    },
    {
      "deleted_files": 3,
      "expected": "corpus/expected/macos-hfsplus-overwritten.json",
      "file": "macos-hfsplus-overwritten.img",
      "filesystem": "hfsplus",
      "name": "macos-hfsplus-overwritten",
      "platform": "macos",
      "scenario": "overwritten",
      "sha256": "57bdd9c8cf30f303e4eb7a3959e47ea2099264580bca3212b8dad54b59ccd2ad",
      "size": 67108864,
      "source": "macOS 26.6.2 diskutil eraseVolume (hdiutil-attached raw image)"
    },
    {
      "deleted_files": 7,
      "expected": "corpus/expected/windows-exfat-baseline.json",
      "file": "windows-exfat-baseline.vhd",
      "filesystem": "exfat",
      "name": "windows-exfat-baseline",
      "platform": "windows",
      "scenario": "baseline",
      "sha256": "a6c946dd5a5ba38d58afd6ca72f7c46cba11295592098c2b23f49722bdb6287d",
      "size": 67109376,
      "source": "Windows 10.0.26100 diskpart format fs=exfat quick (fixed VHD)"
    },
    {
      "deleted_files": 5,
      "expected": "corpus/expected/windows-exfat-deeptree.json",
      "file": "windows-exfat-deeptree.vhd",
      "filesystem": "exfat",
      "name": "windows-exfat-deeptree",
      "platform": "windows",
      "scenario": "deeptree",
      "sha256": "a2bdfba530fe3a7ad47251eefb6ef4eeafcd106e82ff6ff5a984b4dcb46c5489",
      "size": 67109376,
      "source": "Windows 10.0.26100 diskpart format fs=exfat quick (fixed VHD)"
    },
    {
      "deleted_files": 35,
      "expected": "corpus/expected/windows-exfat-fragmented.json",
      "file": "windows-exfat-fragmented.vhd",
      "filesystem": "exfat",
      "name": "windows-exfat-fragmented",
      "platform": "windows",
      "scenario": "fragmented",
      "sha256": "fc0590449f8f1f523d9964051d28d137be66069258583d32620292cf9b69dadb",
      "size": 67109376,
      "source": "Windows 10.0.26100 diskpart format fs=exfat quick (fixed VHD)"
    },
    {
      "deleted_files": 5,
      "expected": "corpus/expected/windows-exfat-longnames.json",
      "file": "windows-exfat-longnames.vhd",
      "filesystem": "exfat",
      "name": "windows-exfat-longnames",
      "platform": "windows",
      "scenario": "longnames",
      "sha256": "822e14360972a7c474127fe39b689945afa241a4db48f422739798c6722073d3",
      "size": 67109376,
      "source": "Windows 10.0.26100 diskpart format fs=exfat quick (fixed VHD)"
    },
    {
      "deleted_files": 19,
      "expected": "corpus/expected/windows-exfat-nearlyfull.json",
      "file": "windows-exfat-nearlyfull.vhd",
      "filesystem": "exfat",
      "name": "windows-exfat-nearlyfull",
      "platform": "windows",
      "scenario": "nearlyfull",
      "sha256": "f34c885ecf77efc35a3c829e361952d1be9e12940eb8567827f5f998a4032fb9",
      "size": 67109376,
      "source": "Windows 10.0.26100 diskpart format fs=exfat quick (fixed VHD)"
    },
    {
      "deleted_files": 5,
      "expected": "corpus/expected/windows-exfat-nonascii.json",
      "file": "windows-exfat-nonascii.vhd",
      "filesystem": "exfat",
      "name": "windows-exfat-nonascii",
      "platform": "windows",
      "scenario": "nonascii",
      "sha256": "066632a576ba0e7fd64b754df3e8b958ce3f5c6d36f78f858432b048d62bafb7",
      "size": 67109376,
      "source": "Windows 10.0.26100 diskpart format fs=exfat quick (fixed VHD)"
    },
    {
      "deleted_files": 3,
      "expected": "corpus/expected/windows-exfat-overwritten.json",
      "file": "windows-exfat-overwritten.vhd",
      "filesystem": "exfat",
      "name": "windows-exfat-overwritten",
      "platform": "windows",
      "scenario": "overwritten",
      "sha256": "b3aa10711d480909c2523b5615113bbf1f54bd57b3277ba602b3c7eabf2b343e",
      "size": 67109376,
      "source": "Windows 10.0.26100 diskpart format fs=exfat quick (fixed VHD)"
    },
    {
      "deleted_files": 7,
      "expected": "corpus/expected/windows-fat32-baseline.json",
      "file": "windows-fat32-baseline.vhd",
      "filesystem": "fat32",
      "name": "windows-fat32-baseline",
      "platform": "windows",
      "scenario": "baseline",
      "sha256": "0f21204aa080439daa85ca409c784af4057760949ca111bbbc729800888e6362",
      "size": 67109376,
      "source": "Windows 10.0.26100 diskpart format fs=fat32 quick (fixed VHD)"
    },
    {
      "deleted_files": 5,
      "expected": "corpus/expected/windows-fat32-deeptree.json",
      "file": "windows-fat32-deeptree.vhd",
      "filesystem": "fat32",
      "name": "windows-fat32-deeptree",
      "platform": "windows",
      "scenario": "deeptree",
      "sha256": "9df2e2dd1b9e3b5710dc50d6ec475fab16516ec9f61c70e58ccd87ab0db4c5ec",
      "size": 67109376,
      "source": "Windows 10.0.26100 diskpart format fs=fat32 quick (fixed VHD)"
    },
    {
      "deleted_files": 35,
      "expected": "corpus/expected/windows-fat32-fragmented.json",
      "file": "windows-fat32-fragmented.vhd",
      "filesystem": "fat32",
      "name": "windows-fat32-fragmented",
      "platform": "windows",
      "scenario": "fragmented",
      "sha256": "da45d85ceb5c08be5e1a080d353917ecabada8842f2c4e247fe903f155747974",
      "size": 67109376,
      "source": "Windows 10.0.26100 diskpart format fs=fat32 quick (fixed VHD)"
    },
    {
      "deleted_files": 5,
      "expected": "corpus/expected/windows-fat32-longnames.json",
      "file": "windows-fat32-longnames.vhd",
      "filesystem": "fat32",
      "name": "windows-fat32-longnames",
      "platform": "windows",
      "scenario": "longnames",
      "sha256": "892325d926187fe84543cebead720fc4ca5a8489f9597d8ec05ecca94ca7b718",
      "size": 67109376,
      "source": "Windows 10.0.26100 diskpart format fs=fat32 quick (fixed VHD)"
    },
    {
      "deleted_files": 19,
      "expected": "corpus/expected/windows-fat32-nearlyfull.json",
      "file": "windows-fat32-nearlyfull.vhd",
      "filesystem": "fat32",
      "name": "windows-fat32-nearlyfull",
      "platform": "windows",
      "scenario": "nearlyfull",
      "sha256": "f9dc87ae675a601c56551cacab5eb6d928db18d2a23a48a7b6a815bc9801845d",
      "size": 67109376,
      "source": "Windows 10.0.26100 diskpart format fs=fat32 quick (fixed VHD)"
    },
    {
      "deleted_files": 5,
      "expected": "corpus/expected/windows-fat32-nonascii.json",
      "file": "windows-fat32-nonascii.vhd",
      "filesystem": "fat32",
      "name": "windows-fat32-nonascii",
      "platform": "windows",
      "scenario": "nonascii",
      "sha256": "ec96de704ca84b7efbda27d7bef1356ac3d4ad8552f30f7fd60af7f185f7dfcb",
      "size": 67109376,
      "source": "Windows 10.0.26100 diskpart format fs=fat32 quick (fixed VHD)"
    },
    {
      "deleted_files": 3,
      "expected": "corpus/expected/windows-fat32-overwritten.json",
      "file": "windows-fat32-overwritten.vhd",
      "filesystem": "fat32",
      "name": "windows-fat32-overwritten",
      "platform": "windows",
      "scenario": "overwritten",
      "sha256": "cc2ead220b9e3d64d6dca0e32e5ed67963435541b86c3982b3a43429c1420c6f",
      "size": 67109376,
      "source": "Windows 10.0.26100 diskpart format fs=fat32 quick (fixed VHD)"
    },
    {
      "deleted_files": 7,
      "expected": "corpus/expected/windows-ntfs-baseline.json",
      "file": "windows-ntfs-baseline.vhd",
      "filesystem": "ntfs",
      "name": "windows-ntfs-baseline",
      "platform": "windows",
      "scenario": "baseline",
      "sha256": "23f9b29140e02bc67c1c9224154453d94d5d31224c07e74c50a4ae15c0f0eb6d",
      "size": 67109376,
      "source": "Windows 10.0.26100 diskpart format fs=ntfs quick (fixed VHD)"
    },
    {
      "deleted_files": 5,
      "expected": "corpus/expected/windows-ntfs-deeptree.json",
      "file": "windows-ntfs-deeptree.vhd",
      "filesystem": "ntfs",
      "name": "windows-ntfs-deeptree",
      "platform": "windows",
      "scenario": "deeptree",
      "sha256": "6dc505b5d2cbfc48def38d1842585ac25c6734d6b1af9fd9d7fcc407b0349906",
      "size": 67109376,
      "source": "Windows 10.0.26100 diskpart format fs=ntfs quick (fixed VHD)"
    },
    {
      "deleted_files": 35,
      "expected": "corpus/expected/windows-ntfs-fragmented.json",
      "file": "windows-ntfs-fragmented.vhd",
      "filesystem": "ntfs",
      "name": "windows-ntfs-fragmented",
      "platform": "windows",
      "scenario": "fragmented",
      "sha256": "0be3e37157fd18e00a0db36041887fa1d4a4c6cb11a5fa33facc9244ba79abf7",
      "size": 67109376,
      "source": "Windows 10.0.26100 diskpart format fs=ntfs quick (fixed VHD)"
    },
    {
      "deleted_files": 5,
      "expected": "corpus/expected/windows-ntfs-longnames.json",
      "file": "windows-ntfs-longnames.vhd",
      "filesystem": "ntfs",
      "name": "windows-ntfs-longnames",
      "platform": "windows",
      "scenario": "longnames",
      "sha256": "b2bfe98f31a91c7bcdd01c8bb082929a9ab23f9d1db302cf7fac50ceda07dd9f",
      "size": 67109376,
      "source": "Windows 10.0.26100 diskpart format fs=ntfs quick (fixed VHD)"
    },
    {
      "deleted_files": 19,
      "expected": "corpus/expected/windows-ntfs-nearlyfull.json",
      "file": "windows-ntfs-nearlyfull.vhd",
      "filesystem": "ntfs",
      "name": "windows-ntfs-nearlyfull",
      "platform": "windows",
      "scenario": "nearlyfull",
      "sha256": "ddbb2c279aaeb881820b7c421c75d63ecf0efe8f1bded517192da08c6912d191",
      "size": 67109376,
      "source": "Windows 10.0.26100 diskpart format fs=ntfs quick (fixed VHD)"
    },
    {
      "deleted_files": 5,
      "expected": "corpus/expected/windows-ntfs-nonascii.json",
      "file": "windows-ntfs-nonascii.vhd",
      "filesystem": "ntfs",
      "name": "windows-ntfs-nonascii",
      "platform": "windows",
      "scenario": "nonascii",
      "sha256": "fa74d1908bea16b7c503d395e05b1a2aa6b0969886dcb9d04651713463972967",
      "size": 67109376,
      "source": "Windows 10.0.26100 diskpart format fs=ntfs quick (fixed VHD)"
    },
    {
      "deleted_files": 3,
      "expected": "corpus/expected/windows-ntfs-overwritten.json",
      "file": "windows-ntfs-overwritten.vhd",
      "filesystem": "ntfs",
      "name": "windows-ntfs-overwritten",
      "platform": "windows",
      "scenario": "overwritten",
      "sha256": "26c5882330bfc643662c47530622d8641733f7f45583cd9e932030d09a860c8b",
      "size": 67109376,
      "source": "Windows 10.0.26100 diskpart format fs=ntfs quick (fixed VHD)"
    }
  ],
  "release": "corpus-v1",
  "tarball": {
    "name": "unearth-corpus-v1.tar.gz",
    "sha256": "d29f0320594b16c70137b2b47b429ce9791f1bae21a286dc8e8cf62af43fc2b1",
    "url": "https://github.com/trondegil/file-recover-lib/releases/download/corpus-v1/unearth-corpus-v1.tar.gz"
  },
  "version": 1
}
