{
  "images": [
    {
      "deleted_files": 7,
      "expected": "corpus/expected/linux-exfat-baseline.json",
      "file": "linux-exfat-baseline.img",
      "filesystem": "exfat",
      "name": "linux-exfat-baseline",
      "platform": "linux",
      "scenario": "baseline",
      "sha256": "0052b5ab5a210e5fc1367675ed526ab4ac5efb33705310ab0a0e8e9cc3a8b7e0",
      "size": 67108864,
      "source": "Linux 7.0.12-linuxkit exfatprogs version : 1.2.0"
    },
    {
      "deleted_files": 5,
      "expected": "corpus/expected/linux-exfat-deeptree.json",
      "file": "linux-exfat-deeptree.img",
      "filesystem": "exfat",
      "name": "linux-exfat-deeptree",
      "platform": "linux",
      "scenario": "deeptree",
      "sha256": "e1c5cda3524a00380957ef961a593b87ad1b41347d6b9c9681d2aa1a5c1c6142",
      "size": 67108864,
      "source": "Linux 7.0.12-linuxkit exfatprogs version : 1.2.0"
    },
    {
      "deleted_files": 35,
      "expected": "corpus/expected/linux-exfat-fragmented.json",
      "file": "linux-exfat-fragmented.img",
      "filesystem": "exfat",
      "name": "linux-exfat-fragmented",
      "platform": "linux",
      "scenario": "fragmented",
      "sha256": "6a34cf06fc634249ff7129a61653fa8c124fa15768569600446093a53b70cddb",
      "size": 67108864,
      "source": "Linux 7.0.12-linuxkit exfatprogs version : 1.2.0"
    },
    {
      "deleted_files": 5,
      "expected": "corpus/expected/linux-exfat-longnames.json",
      "file": "linux-exfat-longnames.img",
      "filesystem": "exfat",
      "name": "linux-exfat-longnames",
      "platform": "linux",
      "scenario": "longnames",
      "sha256": "b448e0ad12714b9621cb0f2e3d157af800fc2d1c22e62ee3c275ab8b1290775f",
      "size": 67108864,
      "source": "Linux 7.0.12-linuxkit exfatprogs version : 1.2.0"
    },
    {
      "deleted_files": 19,
      "expected": "corpus/expected/linux-exfat-nearlyfull.json",
      "file": "linux-exfat-nearlyfull.img",
      "filesystem": "exfat",
      "name": "linux-exfat-nearlyfull",
      "platform": "linux",
      "scenario": "nearlyfull",
      "sha256": "bc57c7096bf635da8c8cb5f6ef2bdc01e8cc3e2d30d178a36d88bcb590ed1a17",
      "size": 67108864,
      "source": "Linux 7.0.12-linuxkit exfatprogs version : 1.2.0"
    },
    {
      "deleted_files": 5,
      "expected": "corpus/expected/linux-exfat-nonascii.json",
      "file": "linux-exfat-nonascii.img",
      "filesystem": "exfat",
      "name": "linux-exfat-nonascii",
      "platform": "linux",
      "scenario": "nonascii",
      "sha256": "72719177722d14121eb65af442c1b2fdf65252a062b2fdf9435457c4b9d4caea",
      "size": 67108864,
      "source": "Linux 7.0.12-linuxkit exfatprogs version : 1.2.0"
    },
    {
      "deleted_files": 3,
      "expected": "corpus/expected/linux-exfat-overwritten.json",
      "file": "linux-exfat-overwritten.img",
      "filesystem": "exfat",
      "name": "linux-exfat-overwritten",
      "platform": "linux",
      "scenario": "overwritten",
      "sha256": "7681d8b75a15a41e8dc4bc7c049e972b22c7a3dd66b80b2e888038ffffe49135",
      "size": 67108864,
      "source": "Linux 7.0.12-linuxkit exfatprogs version : 1.2.0"
    },
    {
      "deleted_files": 7,
      "expected": "corpus/expected/linux-ext4-baseline.json",
      "file": "linux-ext4-baseline.img",
      "filesystem": "ext4",
      "name": "linux-ext4-baseline",
      "platform": "linux",
      "scenario": "baseline",
      "sha256": "b59ab7508b0306b86fda36a40d5a4b0fb7ba475abedb02d5ed9373d7b2516823",
      "size": 67108864,
      "source": "Linux 7.0.12-linuxkit mke2fs 1.47.0 (5-Feb-2023)"
    },
    {
      "deleted_files": 5,
      "expected": "corpus/expected/linux-ext4-deeptree.json",
      "file": "linux-ext4-deeptree.img",
      "filesystem": "ext4",
      "name": "linux-ext4-deeptree",
      "platform": "linux",
      "scenario": "deeptree",
      "sha256": "c48856e4c3f73dbb54b745b0c0037b293f7390be0d1f7a1ebba8b7bf9fef4805",
      "size": 67108864,
      "source": "Linux 7.0.12-linuxkit mke2fs 1.47.0 (5-Feb-2023)"
    },
    {
      "deleted_files": 35,
      "expected": "corpus/expected/linux-ext4-fragmented.json",
      "file": "linux-ext4-fragmented.img",
      "filesystem": "ext4",
      "name": "linux-ext4-fragmented",
      "platform": "linux",
      "scenario": "fragmented",
      "sha256": "ec2a195287fcc53e82ab256f70a038a4aaa675069f215110ffbcc5a23dd46a8e",
      "size": 67108864,
      "source": "Linux 7.0.12-linuxkit mke2fs 1.47.0 (5-Feb-2023)"
    },
    {
      "deleted_files": 5,
      "expected": "corpus/expected/linux-ext4-longnames.json",
      "file": "linux-ext4-longnames.img",
      "filesystem": "ext4",
      "name": "linux-ext4-longnames",
      "platform": "linux",
      "scenario": "longnames",
      "sha256": "4c942819ddd9834e457b2e219c1fe44acd4fb15f7b7bfc4bdf2deeab41401244",
      "size": 67108864,
      "source": "Linux 7.0.12-linuxkit mke2fs 1.47.0 (5-Feb-2023)"
    },
    {
      "deleted_files": 19,
      "expected": "corpus/expected/linux-ext4-nearlyfull.json",
      "file": "linux-ext4-nearlyfull.img",
      "filesystem": "ext4",
      "name": "linux-ext4-nearlyfull",
      "platform": "linux",
      "scenario": "nearlyfull",
      "sha256": "faced4f92dc860dd7d67504972e3133e6018fe9f93ba90c00bf557190e51ff42",
      "size": 67108864,
      "source": "Linux 7.0.12-linuxkit mke2fs 1.47.0 (5-Feb-2023)"
    },
    {
      "deleted_files": 5,
      "expected": "corpus/expected/linux-ext4-nonascii.json",
      "file": "linux-ext4-nonascii.img",
      "filesystem": "ext4",
      "name": "linux-ext4-nonascii",
      "platform": "linux",
      "scenario": "nonascii",
      "sha256": "c0ff15b60f94bd3081baf8f5378ae14ac4765000cc01e30572fcf7e2fac034ca",
      "size": 67108864,
      "source": "Linux 7.0.12-linuxkit mke2fs 1.47.0 (5-Feb-2023)"
    },
    {
      "deleted_files": 3,
      "expected": "corpus/expected/linux-ext4-overwritten.json",
      "file": "linux-ext4-overwritten.img",
      "filesystem": "ext4",
      "name": "linux-ext4-overwritten",
      "platform": "linux",
      "scenario": "overwritten",
      "sha256": "b0a8e576d4c0202ef7a6eee852d728f8c820d4e2f7a76152bd3270b1f12f9413",
      "size": 67108864,
      "source": "Linux 7.0.12-linuxkit mke2fs 1.47.0 (5-Feb-2023)"
    },
    {
      "deleted_files": 7,
      "expected": "corpus/expected/linux-fat32-baseline.json",
      "file": "linux-fat32-baseline.img",
      "filesystem": "fat32",
      "name": "linux-fat32-baseline",
      "platform": "linux",
      "scenario": "baseline",
      "sha256": "82e379d558fd5d1a48dfb1009f82fc57389860a66d61870173c6f760c358be44",
      "size": 67108864,
      "source": "Linux 7.0.12-linuxkit Usage: mkfs.fat [OPTIONS] TARGET [BLOCKS]"
    },
    {
      "deleted_files": 5,
      "expected": "corpus/expected/linux-fat32-deeptree.json",
      "file": "linux-fat32-deeptree.img",
      "filesystem": "fat32",
      "name": "linux-fat32-deeptree",
      "platform": "linux",
      "scenario": "deeptree",
      "sha256": "3b9f7183458539b723a8264d11a4b29a89b930ff11143b765b0a74fcf7e7dbed",
      "size": 67108864,
      "source": "Linux 7.0.12-linuxkit Usage: mkfs.fat [OPTIONS] TARGET [BLOCKS]"
    },
    {
      "deleted_files": 35,
      "expected": "corpus/expected/linux-fat32-fragmented.json",
      "file": "linux-fat32-fragmented.img",
      "filesystem": "fat32",
      "name": "linux-fat32-fragmented",
      "platform": "linux",
      "scenario": "fragmented",
      "sha256": "f2fc1b27dc0c69c19c10cffe9ae9ceff923d1b5223843ef81c5597a6b42866b6",
      "size": 67108864,
      "source": "Linux 7.0.12-linuxkit Usage: mkfs.fat [OPTIONS] TARGET [BLOCKS]"
    },
    {
      "deleted_files": 5,
      "expected": "corpus/expected/linux-fat32-longnames.json",
      "file": "linux-fat32-longnames.img",
      "filesystem": "fat32",
      "name": "linux-fat32-longnames",
      "platform": "linux",
      "scenario": "longnames",
      "sha256": "c658523be8c61ae9194c931bf6aae7c5f42f7725e2c04a87915829aac4d9ad5c",
      "size": 67108864,
      "source": "Linux 7.0.12-linuxkit Usage: mkfs.fat [OPTIONS] TARGET [BLOCKS]"
    },
    {
      "deleted_files": 19,
      "expected": "corpus/expected/linux-fat32-nearlyfull.json",
      "file": "linux-fat32-nearlyfull.img",
      "filesystem": "fat32",
      "name": "linux-fat32-nearlyfull",
      "platform": "linux",
      "scenario": "nearlyfull",
      "sha256": "9ed6a8bf3ad80e1bebac50384bfe3b386a4eb78893e09a3626c0a1b56e3349f4",
      "size": 67108864,
      "source": "Linux 7.0.12-linuxkit Usage: mkfs.fat [OPTIONS] TARGET [BLOCKS]"
    },
    {
      "deleted_files": 5,
      "expected": "corpus/expected/linux-fat32-nonascii.json",
      "file": "linux-fat32-nonascii.img",
      "filesystem": "fat32",
      "name": "linux-fat32-nonascii",
      "platform": "linux",
      "scenario": "nonascii",
      "sha256": "d1a4a90d867fcb0ebd6bf460b0a657e6f69b93fa9930404a5549c247e9e63b41",
      "size": 67108864,
      "source": "Linux 7.0.12-linuxkit Usage: mkfs.fat [OPTIONS] TARGET [BLOCKS]"
    },
    {
      "deleted_files": 3,
      "expected": "corpus/expected/linux-fat32-overwritten.json",
      "file": "linux-fat32-overwritten.img",
      "filesystem": "fat32",
      "name": "linux-fat32-overwritten",
      "platform": "linux",
      "scenario": "overwritten",
      "sha256": "49ec4b824baa58b6b16259adc8a572764304eee272ffc62d170c67f5a7f177ff",
      "size": 67108864,
      "source": "Linux 7.0.12-linuxkit Usage: mkfs.fat [OPTIONS] TARGET [BLOCKS]"
    },
    {
      "deleted_files": 7,
      "expected": "corpus/expected/linux-ntfs-baseline.json",
      "file": "linux-ntfs-baseline.img",
      "filesystem": "ntfs",
      "name": "linux-ntfs-baseline",
      "platform": "linux",
      "scenario": "baseline",
      "sha256": "b00425e58931c8da89e7dd752228104f4ae0932575578fee2da46d369e3c8eb2",
      "size": 67108864,
      "source": "Linux 7.0.12-linuxkit mkfs.ntfs (ntfs-3g; stopgap for Windows format)"
    },
    {
      "deleted_files": 5,
      "expected": "corpus/expected/linux-ntfs-deeptree.json",
      "file": "linux-ntfs-deeptree.img",
      "filesystem": "ntfs",
      "name": "linux-ntfs-deeptree",
      "platform": "linux",
      "scenario": "deeptree",
      "sha256": "51a3d9115199a4d5a2fe86e996e0dd9781bc7d1e19babba76a529874d7bfbc7d",
      "size": 67108864,
      "source": "Linux 7.0.12-linuxkit mkfs.ntfs (ntfs-3g; stopgap for Windows format)"
    },
    {
      "deleted_files": 35,
      "expected": "corpus/expected/linux-ntfs-fragmented.json",
      "file": "linux-ntfs-fragmented.img",
      "filesystem": "ntfs",
      "name": "linux-ntfs-fragmented",
      "platform": "linux",
      "scenario": "fragmented",
      "sha256": "f87b526d2d7a98bb175d572113b0daa560bf538d26769adba4db498f086b12b5",
      "size": 67108864,
      "source": "Linux 7.0.12-linuxkit mkfs.ntfs (ntfs-3g; stopgap for Windows format)"
    },
    {
      "deleted_files": 5,
      "expected": "corpus/expected/linux-ntfs-longnames.json",
      "file": "linux-ntfs-longnames.img",
      "filesystem": "ntfs",
      "name": "linux-ntfs-longnames",
      "platform": "linux",
      "scenario": "longnames",
      "sha256": "665cb4a649ff7cf0b6e5cb37d1acb2808d2f48705a238862c51690e3c082bc60",
      "size": 67108864,
      "source": "Linux 7.0.12-linuxkit mkfs.ntfs (ntfs-3g; stopgap for Windows format)"
    },
    {
      "deleted_files": 19,
      "expected": "corpus/expected/linux-ntfs-nearlyfull.json",
      "file": "linux-ntfs-nearlyfull.img",
      "filesystem": "ntfs",
      "name": "linux-ntfs-nearlyfull",
      "platform": "linux",
      "scenario": "nearlyfull",
      "sha256": "12ca5fec198df50379846dbb40302ba8f79a178f562c14d643283250551dda9d",
      "size": 67108864,
      "source": "Linux 7.0.12-linuxkit mkfs.ntfs (ntfs-3g; stopgap for Windows format)"
    },
    {
      "deleted_files": 5,
      "expected": "corpus/expected/linux-ntfs-nonascii.json",
      "file": "linux-ntfs-nonascii.img",
      "filesystem": "ntfs",
      "name": "linux-ntfs-nonascii",
      "platform": "linux",
      "scenario": "nonascii",
      "sha256": "bcf1cd81e9f60c4e3c3c65b1f71cca7f8c3fce023acec14b4817e2c1fe2dc787",
      "size": 67108864,
      "source": "Linux 7.0.12-linuxkit mkfs.ntfs (ntfs-3g; stopgap for Windows format)"
    },
    {
      "deleted_files": 3,
      "expected": "corpus/expected/linux-ntfs-overwritten.json",
      "file": "linux-ntfs-overwritten.img",
      "filesystem": "ntfs",
      "name": "linux-ntfs-overwritten",
      "platform": "linux",
      "scenario": "overwritten",
      "sha256": "a5f2e18198da63415ab70833b65402384efa2909695aa87e2905895f536017de",
      "size": 67108864,
      "source": "Linux 7.0.12-linuxkit mkfs.ntfs (ntfs-3g; stopgap for Windows format)"
    },
    {
      "deleted_files": 7,
      "expected": "corpus/expected/macos-exfat-baseline.json",
      "file": "macos-exfat-baseline.img",
      "filesystem": "exfat",
      "name": "macos-exfat-baseline",
      "platform": "macos",
      "scenario": "baseline",
      "sha256": "1bad9ad6622e99bd5f359b667704c1204005f55bd1d275cdf08749159b049e8a",
      "size": 67108864,
      "source": "macOS 26.6.2 diskutil eraseVolume (hdiutil-attached raw image)"
    },
    {
      "deleted_files": 5,
      "expected": "corpus/expected/macos-exfat-deeptree.json",
      "file": "macos-exfat-deeptree.img",
      "filesystem": "exfat",
      "name": "macos-exfat-deeptree",
      "platform": "macos",
      "scenario": "deeptree",
      "sha256": "8707face1b5b936ade5ec9461c78daad035569199ec7d27f3894064503d1867b",
      "size": 67108864,
      "source": "macOS 26.6.2 diskutil eraseVolume (hdiutil-attached raw image)"
    },
    {
      "deleted_files": 35,
      "expected": "corpus/expected/macos-exfat-fragmented.json",
      "file": "macos-exfat-fragmented.img",
      "filesystem": "exfat",
      "name": "macos-exfat-fragmented",
      "platform": "macos",
      "scenario": "fragmented",
      "sha256": "c482f67df1f901977a02b5af64c8b21235f08deec6982cb9615b23e0078dcad7",
      "size": 67108864,
      "source": "macOS 26.6.2 diskutil eraseVolume (hdiutil-attached raw image)"
    },
    {
      "deleted_files": 5,
      "expected": "corpus/expected/macos-exfat-longnames.json",
      "file": "macos-exfat-longnames.img",
      "filesystem": "exfat",
      "name": "macos-exfat-longnames",
      "platform": "macos",
      "scenario": "longnames",
      "sha256": "86e73c4a5f632fd42c518e7e9d909a8c5690844ad5df6d9817aa924708d31697",
      "size": 67108864,
      "source": "macOS 26.6.2 diskutil eraseVolume (hdiutil-attached raw image)"
    },
    {
      "deleted_files": 19,
      "expected": "corpus/expected/macos-exfat-nearlyfull.json",
      "file": "macos-exfat-nearlyfull.img",
      "filesystem": "exfat",
      "name": "macos-exfat-nearlyfull",
      "platform": "macos",
      "scenario": "nearlyfull",
      "sha256": "fd42b75f41638d391486c05b5e1ee50c6a1de0309c15c72fb4903e2168ffb151",
      "size": 67108864,
      "source": "macOS 26.6.2 diskutil eraseVolume (hdiutil-attached raw image)"
    },
    {
      "deleted_files": 5,
      "expected": "corpus/expected/macos-exfat-nonascii.json",
      "file": "macos-exfat-nonascii.img",
      "filesystem": "exfat",
      "name": "macos-exfat-nonascii",
      "platform": "macos",
      "scenario": "nonascii",
      "sha256": "889eafa8e78f337bef5c333b193865638ce144d4f8338752ce353f56cfe0183d",
      "size": 67108864,
      "source": "macOS 26.6.2 diskutil eraseVolume (hdiutil-attached raw image)"
    },
    {
      "deleted_files": 3,
      "expected": "corpus/expected/macos-exfat-overwritten.json",
      "file": "macos-exfat-overwritten.img",
      "filesystem": "exfat",
      "name": "macos-exfat-overwritten",
      "platform": "macos",
      "scenario": "overwritten",
      "sha256": "5b5cc9a761c1c6e7de043b630cb5d81d1f6c31a64f068e9339e54e9532f9aeca",
      "size": 67108864,
      "source": "macOS 26.6.2 diskutil eraseVolume (hdiutil-attached raw image)"
    },
    {
      "deleted_files": 7,
      "expected": "corpus/expected/macos-fat32-baseline.json",
      "file": "macos-fat32-baseline.img",
      "filesystem": "fat32",
      "name": "macos-fat32-baseline",
      "platform": "macos",
      "scenario": "baseline",
      "sha256": "f385d8ce150e089357a717f50d435fecdf71b0eb59f0bfae36c077c67247dcda",
      "size": 67108864,
      "source": "macOS 26.6.2 diskutil eraseVolume (hdiutil-attached raw image)"
    },
    {
      "deleted_files": 5,
      "expected": "corpus/expected/macos-fat32-deeptree.json",
      "file": "macos-fat32-deeptree.img",
      "filesystem": "fat32",
      "name": "macos-fat32-deeptree",
      "platform": "macos",
      "scenario": "deeptree",
      "sha256": "fef221981fc0b17f63c2333baf8017a27b6123405ad2aace8c84a6219ea9c165",
      "size": 67108864,
      "source": "macOS 26.6.2 diskutil eraseVolume (hdiutil-attached raw image)"
    },
    {
      "deleted_files": 35,
      "expected": "corpus/expected/macos-fat32-fragmented.json",
      "file": "macos-fat32-fragmented.img",
      "filesystem": "fat32",
      "name": "macos-fat32-fragmented",
      "platform": "macos",
      "scenario": "fragmented",
      "sha256": "0baa57251ee74434ed8f0b52e3237778c90d5295867b802de525459a9ef317f7",
      "size": 67108864,
      "source": "macOS 26.6.2 diskutil eraseVolume (hdiutil-attached raw image)"
    },
    {
      "deleted_files": 5,
      "expected": "corpus/expected/macos-fat32-longnames.json",
      "file": "macos-fat32-longnames.img",
      "filesystem": "fat32",
      "name": "macos-fat32-longnames",
      "platform": "macos",
      "scenario": "longnames",
      "sha256": "226c7112ce27a5984ea677790d29b79ac51860c3b881219848f3d401f1e6039f",
      "size": 67108864,
      "source": "macOS 26.6.2 diskutil eraseVolume (hdiutil-attached raw image)"
    },
    {
      "deleted_files": 19,
      "expected": "corpus/expected/macos-fat32-nearlyfull.json",
      "file": "macos-fat32-nearlyfull.img",
      "filesystem": "fat32",
      "name": "macos-fat32-nearlyfull",
      "platform": "macos",
      "scenario": "nearlyfull",
      "sha256": "19af1170138f2d1a401cc66cd92d8f2ae5fe71308c48fab91e1b23b50a3f7820",
      "size": 67108864,
      "source": "macOS 26.6.2 diskutil eraseVolume (hdiutil-attached raw image)"
    },
    {
      "deleted_files": 5,
      "expected": "corpus/expected/macos-fat32-nonascii.json",
      "file": "macos-fat32-nonascii.img",
      "filesystem": "fat32",
      "name": "macos-fat32-nonascii",
      "platform": "macos",
      "scenario": "nonascii",
      "sha256": "bdb1708589fd31bcc05d2ddac924f52110ef900b7c907cb3473fdbf70c17e904",
      "size": 67108864,
      "source": "macOS 26.6.2 diskutil eraseVolume (hdiutil-attached raw image)"
    },
    {
      "deleted_files": 3,
      "expected": "corpus/expected/macos-fat32-overwritten.json",
      "file": "macos-fat32-overwritten.img",
      "filesystem": "fat32",
      "name": "macos-fat32-overwritten",
      "platform": "macos",
      "scenario": "overwritten",
      "sha256": "49a9c5cea9ae47dee182450dc644dc557c16fa690be8df97a5ed9c98d1b1726f",
      "size": 67108864,
      "source": "macOS 26.6.2 diskutil eraseVolume (hdiutil-attached raw image)"
    },
    {
      "deleted_files": 7,
      "expected": "corpus/expected/macos-hfsplus-baseline.json",
      "file": "macos-hfsplus-baseline.img",
      "filesystem": "hfsplus",
      "name": "macos-hfsplus-baseline",
      "platform": "macos",
      "scenario": "baseline",
      "sha256": "eced033a1037ed06d47aa89b230714eb0967ebef65666f174b4b849dcb1b8726",
      "size": 67108864,
      "source": "macOS 26.6.2 diskutil eraseVolume (hdiutil-attached raw image)"
    },
    {
      "deleted_files": 5,
      "expected": "corpus/expected/macos-hfsplus-deeptree.json",
      "file": "macos-hfsplus-deeptree.img",
      "filesystem": "hfsplus",
      "name": "macos-hfsplus-deeptree",
      "platform": "macos",
      "scenario": "deeptree",
      "sha256": "8da9efb70ccde67b912f741ea2ef4cd864969c72d82fc2e95d6935890450344d",
      "size": 67108864,
      "source": "macOS 26.6.2 diskutil eraseVolume (hdiutil-attached raw image)"
    },
    {
      "deleted_files": 35,
      "expected": "corpus/expected/macos-hfsplus-fragmented.json",
      "file": "macos-hfsplus-fragmented.img",
      "filesystem": "hfsplus",
      "name": "macos-hfsplus-fragmented",
      "platform": "macos",
      "scenario": "fragmented",
      "sha256": "c4fd44a8190e3f26a8508dd5a7073ebed1cb586f0e3e27a514f0c2ff428a9c3d",
      "size": 67108864,
      "source": "macOS 26.6.2 diskutil eraseVolume (hdiutil-attached raw image)"
    },
    {
      "deleted_files": 5,
      "expected": "corpus/expected/macos-hfsplus-longnames.json",
      "file": "macos-hfsplus-longnames.img",
      "filesystem": "hfsplus",
      "name": "macos-hfsplus-longnames",
      "platform": "macos",
      "scenario": "longnames",
      "sha256": "24e8416a1b84e792ad0eae154296ef129b75a69a339a397ba8954a41c64a7d9a",
      "size": 67108864,
      "source": "macOS 26.6.2 diskutil eraseVolume (hdiutil-attached raw image)"
    },
    {
      "deleted_files": 19,
      "expected": "corpus/expected/macos-hfsplus-nearlyfull.json",
      "file": "macos-hfsplus-nearlyfull.img",
      "filesystem": "hfsplus",
      "name": "macos-hfsplus-nearlyfull",
      "platform": "macos",
      "scenario": "nearlyfull",
      "sha256": "bdbbe56de8cd83e355f8fa7b048d9ba5a79381ea88e9bb45305e49503377c92e",
      "size": 67108864,
      "source": "macOS 26.6.2 diskutil eraseVolume (hdiutil-attached raw image)"
    },
    {
      "deleted_files": 5,
      "expected": "corpus/expected/macos-hfsplus-nonascii.json",
      "file": "macos-hfsplus-nonascii.img",
      "filesystem": "hfsplus",
      "name": "macos-hfsplus-nonascii",
      "platform": "macos",
      "scenario": "nonascii",
      "sha256": "9bc6f8bd84c448b66ce011107cb0e48a1809e5b0f301d6bb286a8468fd02d322",
      "size": 67108864,
      "source": "macOS 26.6.2 diskutil eraseVolume (hdiutil-attached raw image)"
    },
    {
      "deleted_files": 3,
      "expected": "corpus/expected/macos-hfsplus-overwritten.json",
      "file": "macos-hfsplus-overwritten.img",
      "filesystem": "hfsplus",
      "name": "macos-hfsplus-overwritten",
      "platform": "macos",
      "scenario": "overwritten",
      "sha256": "257ac5739830da2137ed2e272737555b2811283a5410a0eee73478e58d3339ae",
      "size": 67108864,
      "source": "macOS 26.6.2 diskutil eraseVolume (hdiutil-attached raw image)"
    },
    {
      "deleted_files": 7,
      "expected": "corpus/expected/windows-exfat-baseline.json",
      "file": "windows-exfat-baseline.vhd",
      "filesystem": "exfat",
      "name": "windows-exfat-baseline",
      "platform": "windows",
      "scenario": "baseline",
      "sha256": "d93c4da0bbfeb9c3ae9034669bf3a476ce06bbf65bae2a0436df77e0a595bff1",
      "size": 67109376,
      "source": "Windows 10.0.26100 diskpart format fs=exfat quick (fixed VHD)"
    },
    {
      "deleted_files": 5,
      "expected": "corpus/expected/windows-exfat-deeptree.json",
      "file": "windows-exfat-deeptree.vhd",
      "filesystem": "exfat",
      "name": "windows-exfat-deeptree",
      "platform": "windows",
      "scenario": "deeptree",
      "sha256": "08c2bfff1a15e5676619aabc8ad0c6bdd653938e45f7ad2c4913c23a61dd74a1",
      "size": 67109376,
      "source": "Windows 10.0.26100 diskpart format fs=exfat quick (fixed VHD)"
    },
    {
      "deleted_files": 35,
      "expected": "corpus/expected/windows-exfat-fragmented.json",
      "file": "windows-exfat-fragmented.vhd",
      "filesystem": "exfat",
      "name": "windows-exfat-fragmented",
      "platform": "windows",
      "scenario": "fragmented",
      "sha256": "5e78b540585175f36aa8cf5c77631e883cece80bb1975554613407ff9223a99b",
      "size": 67109376,
      "source": "Windows 10.0.26100 diskpart format fs=exfat quick (fixed VHD)"
    },
    {
      "deleted_files": 5,
      "expected": "corpus/expected/windows-exfat-longnames.json",
      "file": "windows-exfat-longnames.vhd",
      "filesystem": "exfat",
      "name": "windows-exfat-longnames",
      "platform": "windows",
      "scenario": "longnames",
      "sha256": "f133caacaa0ece3245c7447a9a6784ad74c4b95c5687b85043b105eddbbbc6b2",
      "size": 67109376,
      "source": "Windows 10.0.26100 diskpart format fs=exfat quick (fixed VHD)"
    },
    {
      "deleted_files": 19,
      "expected": "corpus/expected/windows-exfat-nearlyfull.json",
      "file": "windows-exfat-nearlyfull.vhd",
      "filesystem": "exfat",
      "name": "windows-exfat-nearlyfull",
      "platform": "windows",
      "scenario": "nearlyfull",
      "sha256": "98cf41b3a9f0aa3e767e8521ff4ecaebec4bf8024d8fb4906b2d076256d42303",
      "size": 67109376,
      "source": "Windows 10.0.26100 diskpart format fs=exfat quick (fixed VHD)"
    },
    {
      "deleted_files": 5,
      "expected": "corpus/expected/windows-exfat-nonascii.json",
      "file": "windows-exfat-nonascii.vhd",
      "filesystem": "exfat",
      "name": "windows-exfat-nonascii",
      "platform": "windows",
      "scenario": "nonascii",
      "sha256": "fa98b9b593423f92ea29f360438be2694749f02454736fdfea681eea3f624a15",
      "size": 67109376,
      "source": "Windows 10.0.26100 diskpart format fs=exfat quick (fixed VHD)"
    },
    {
      "deleted_files": 3,
      "expected": "corpus/expected/windows-exfat-overwritten.json",
      "file": "windows-exfat-overwritten.vhd",
      "filesystem": "exfat",
      "name": "windows-exfat-overwritten",
      "platform": "windows",
      "scenario": "overwritten",
      "sha256": "050ed7f9b1810a5bb26e32feaff5f4c8f92ad6a10fba4c2714f34b4f74bd3ec2",
      "size": 67109376,
      "source": "Windows 10.0.26100 diskpart format fs=exfat quick (fixed VHD)"
    },
    {
      "deleted_files": 7,
      "expected": "corpus/expected/windows-fat32-baseline.json",
      "file": "windows-fat32-baseline.vhd",
      "filesystem": "fat32",
      "name": "windows-fat32-baseline",
      "platform": "windows",
      "scenario": "baseline",
      "sha256": "876f4dd4be83fe304c64394b21a6a7af77c9fa6d2656f1e1796aa42a398ce98b",
      "size": 67109376,
      "source": "Windows 10.0.26100 diskpart format fs=fat32 quick (fixed VHD)"
    },
    {
      "deleted_files": 5,
      "expected": "corpus/expected/windows-fat32-deeptree.json",
      "file": "windows-fat32-deeptree.vhd",
      "filesystem": "fat32",
      "name": "windows-fat32-deeptree",
      "platform": "windows",
      "scenario": "deeptree",
      "sha256": "42754f0e7c64fd5b854319c09113748c734699400ffdb1f300869199c5c4bc2c",
      "size": 67109376,
      "source": "Windows 10.0.26100 diskpart format fs=fat32 quick (fixed VHD)"
    },
    {
      "deleted_files": 35,
      "expected": "corpus/expected/windows-fat32-fragmented.json",
      "file": "windows-fat32-fragmented.vhd",
      "filesystem": "fat32",
      "name": "windows-fat32-fragmented",
      "platform": "windows",
      "scenario": "fragmented",
      "sha256": "0b573c98777741d02949b3fc0d9a1cd42143b47adae3a406ac5528ddfda20a5e",
      "size": 67109376,
      "source": "Windows 10.0.26100 diskpart format fs=fat32 quick (fixed VHD)"
    },
    {
      "deleted_files": 5,
      "expected": "corpus/expected/windows-fat32-longnames.json",
      "file": "windows-fat32-longnames.vhd",
      "filesystem": "fat32",
      "name": "windows-fat32-longnames",
      "platform": "windows",
      "scenario": "longnames",
      "sha256": "3234a9d925171b20e98e88e8d13241fb4b1fb7e717b81ace8ebb446c675f2934",
      "size": 67109376,
      "source": "Windows 10.0.26100 diskpart format fs=fat32 quick (fixed VHD)"
    },
    {
      "deleted_files": 19,
      "expected": "corpus/expected/windows-fat32-nearlyfull.json",
      "file": "windows-fat32-nearlyfull.vhd",
      "filesystem": "fat32",
      "name": "windows-fat32-nearlyfull",
      "platform": "windows",
      "scenario": "nearlyfull",
      "sha256": "7dd75b45f6255ea12c87fc29260f9045b69c6f3d314437b202cc165527d87ac2",
      "size": 67109376,
      "source": "Windows 10.0.26100 diskpart format fs=fat32 quick (fixed VHD)"
    },
    {
      "deleted_files": 5,
      "expected": "corpus/expected/windows-fat32-nonascii.json",
      "file": "windows-fat32-nonascii.vhd",
      "filesystem": "fat32",
      "name": "windows-fat32-nonascii",
      "platform": "windows",
      "scenario": "nonascii",
      "sha256": "4c52cf0adf10f9137f7c97e285a1eeb694968583231755a62aec9e3c22303d4c",
      "size": 67109376,
      "source": "Windows 10.0.26100 diskpart format fs=fat32 quick (fixed VHD)"
    },
    {
      "deleted_files": 3,
      "expected": "corpus/expected/windows-fat32-overwritten.json",
      "file": "windows-fat32-overwritten.vhd",
      "filesystem": "fat32",
      "name": "windows-fat32-overwritten",
      "platform": "windows",
      "scenario": "overwritten",
      "sha256": "798d2072e810088b025b681b699583bc0fd586e5e0bb5c7995d4a32c9df4bc4d",
      "size": 67109376,
      "source": "Windows 10.0.26100 diskpart format fs=fat32 quick (fixed VHD)"
    },
    {
      "deleted_files": 7,
      "expected": "corpus/expected/windows-ntfs-baseline.json",
      "file": "windows-ntfs-baseline.vhd",
      "filesystem": "ntfs",
      "name": "windows-ntfs-baseline",
      "platform": "windows",
      "scenario": "baseline",
      "sha256": "9894655138789de0fc7a1720e14ba9de3d9c29508209cf611b1fb8c966915895",
      "size": 67109376,
      "source": "Windows 10.0.26100 diskpart format fs=ntfs quick (fixed VHD)"
    },
    {
      "deleted_files": 5,
      "expected": "corpus/expected/windows-ntfs-deeptree.json",
      "file": "windows-ntfs-deeptree.vhd",
      "filesystem": "ntfs",
      "name": "windows-ntfs-deeptree",
      "platform": "windows",
      "scenario": "deeptree",
      "sha256": "9c4f2d25db8929bfe88a0aae3ffbde109b4b429b7856aab532bfc9a7486e0a8c",
      "size": 67109376,
      "source": "Windows 10.0.26100 diskpart format fs=ntfs quick (fixed VHD)"
    },
    {
      "deleted_files": 35,
      "expected": "corpus/expected/windows-ntfs-fragmented.json",
      "file": "windows-ntfs-fragmented.vhd",
      "filesystem": "ntfs",
      "name": "windows-ntfs-fragmented",
      "platform": "windows",
      "scenario": "fragmented",
      "sha256": "e22f5bc363d48dcb60f2110b87b7c7024544d02610390db4a05bffceafc927a3",
      "size": 67109376,
      "source": "Windows 10.0.26100 diskpart format fs=ntfs quick (fixed VHD)"
    },
    {
      "deleted_files": 5,
      "expected": "corpus/expected/windows-ntfs-longnames.json",
      "file": "windows-ntfs-longnames.vhd",
      "filesystem": "ntfs",
      "name": "windows-ntfs-longnames",
      "platform": "windows",
      "scenario": "longnames",
      "sha256": "a4be83473099e2d3d8475ded2fcfb8d13cd2151735acc52fdc92f402bdf50bed",
      "size": 67109376,
      "source": "Windows 10.0.26100 diskpart format fs=ntfs quick (fixed VHD)"
    },
    {
      "deleted_files": 19,
      "expected": "corpus/expected/windows-ntfs-nearlyfull.json",
      "file": "windows-ntfs-nearlyfull.vhd",
      "filesystem": "ntfs",
      "name": "windows-ntfs-nearlyfull",
      "platform": "windows",
      "scenario": "nearlyfull",
      "sha256": "9e816de71bc127a8b4fc873ebf53048f2f002ee12c445425796896d0f05cca2d",
      "size": 67109376,
      "source": "Windows 10.0.26100 diskpart format fs=ntfs quick (fixed VHD)"
    },
    {
      "deleted_files": 5,
      "expected": "corpus/expected/windows-ntfs-nonascii.json",
      "file": "windows-ntfs-nonascii.vhd",
      "filesystem": "ntfs",
      "name": "windows-ntfs-nonascii",
      "platform": "windows",
      "scenario": "nonascii",
      "sha256": "90eeaabc1a37f185994d255ac89a37167b772651fa63f5ec218f744b36bec2c2",
      "size": 67109376,
      "source": "Windows 10.0.26100 diskpart format fs=ntfs quick (fixed VHD)"
    },
    {
      "deleted_files": 3,
      "expected": "corpus/expected/windows-ntfs-overwritten.json",
      "file": "windows-ntfs-overwritten.vhd",
      "filesystem": "ntfs",
      "name": "windows-ntfs-overwritten",
      "platform": "windows",
      "scenario": "overwritten",
      "sha256": "cc64607dea6af4f69ebe81bbb044f8dd3917710a614dfdb00756ca6bcc82f77d",
      "size": 67109376,
      "source": "Windows 10.0.26100 diskpart format fs=ntfs quick (fixed VHD)"
    }
  ],
  "release": "corpus-v2",
  "tarball": {
    "name": "unearth-corpus-v2.tar.gz",
    "sha256": "6d1fa0401fb300cbf61cf56f05488ae6d4b7b78851597330349e8d7623fe7d4d",
    "url": "https://github.com/trondegil/file-recover-lib/releases/download/corpus-v2/unearth-corpus-v2.tar.gz"
  },
  "version": 1
}
